
Microsoft Visual Studio Solution File, Format Version 12.00
# Visual Studio Version 16
VisualStudioVersion = 16.0.29613.14
MinimumVisualStudioVersion = 10.0.40219.1
Project("{9A19103F-16F7-4668-BE54-9A1E7A4F7556}") = "ESO_LangEditorGUI", "ESO_LangEditorGUI\ESO_LangEditorGUI.csproj", "{E51B6D60-76E3-410A-99D8-2C5B256AB832}"
	ProjectSection(ProjectDependencies) = postProject
		{2F059617-7D1B-4FEC-8500-9960EE5C4DBE} = {2F059617-7D1B-4FEC-8500-9960EE5C4DBE}
	EndProjectSection
EndProject
Project("{9A19103F-16F7-4668-BE54-9A1E7A4F7556}") = "ESO_LangEditorDatabaseModifier", "ESO_LangEditorDatabaseModifier\ESO_LangEditorDatabaseModifier.csproj", "{18C9EAA4-7B53-4071-80EA-C398702BDBD1}"
EndProject
Project("{9A19103F-16F7-4668-BE54-9A1E7A4F7556}") = "ESO_LangEditorUpdater", "ESO_LangEditorUpdater\ESO_LangEditorUpdater.csproj", "{495FD35C-C361-46F4-9474-8A2529EF9323}"
EndProject
Project("{9A19103F-16F7-4668-BE54-9A1E7A4F7556}") = "ESO_LangEditor.API", "ESO_LangEditorApi\ESO_LangEditor.API.csproj", "{DC910328-2894-43E8-BB54-67D3A02244E7}"
	ProjectSection(ProjectDependencies) = postProject
		{032636E8-03AF-47C7-8BCF-9B7B6ECCB5D9} = {032636E8-03AF-47C7-8BCF-9B7B6ECCB5D9}
		{BAD706F2-F47F-441D-AAD9-7DE22B97B164} = {BAD706F2-F47F-441D-AAD9-7DE22B97B164}
	EndProjectSection
EndProject
Project("{9A19103F-16F7-4668-BE54-9A1E7A4F7556}") = "ESO_LangEditor.Core", "ESO_LangEditor.Core\ESO_LangEditor.Core.csproj", "{BAD706F2-F47F-441D-AAD9-7DE22B97B164}"
EndProject
Project("{9A19103F-16F7-4668-BE54-9A1E7A4F7556}") = "ESO_LangEditor.EFCore", "ESO_LangEditor.EFCore\ESO_LangEditor.EFCore.csproj", "{032636E8-03AF-47C7-8BCF-9B7B6ECCB5D9}"
	ProjectSection(ProjectDependencies) = postProject
		{BAD706F2-F47F-441D-AAD9-7DE22B97B164} = {BAD706F2-F47F-441D-AAD9-7DE22B97B164}
	EndProjectSection
EndProject
Project("{9A19103F-16F7-4668-BE54-9A1E7A4F7556}") = "ESO_LangEditor.GUI.NetClient", "ESO_LangEditor.GUI.NetClient\ESO_LangEditor.GUI.NetClient.csproj", "{2F059617-7D1B-4FEC-8500-9960EE5C4DBE}"
	ProjectSection(ProjectDependencies) = postProject
		{BAD706F2-F47F-441D-AAD9-7DE22B97B164} = {BAD706F2-F47F-441D-AAD9-7DE22B97B164}
	EndProjectSection
EndProject
Global
	GlobalSection(SolutionConfigurationPlatforms) = preSolution
		Debug|Any CPU = Debug|Any CPU
		Release|Any CPU = Release|Any CPU
	EndGlobalSection
	GlobalSection(ProjectConfigurationPlatforms) = postSolution
		{E51B6D60-76E3-410A-99D8-2C5B256AB832}.Debug|Any CPU.ActiveCfg = Debug|Any CPU
		{E51B6D60-76E3-410A-99D8-2C5B256AB832}.Debug|Any CPU.Build.0 = Debug|Any CPU
		{E51B6D60-76E3-410A-99D8-2C5B256AB832}.Release|Any CPU.ActiveCfg = Release|Any CPU
		{E51B6D60-76E3-410A-99D8-2C5B256AB832}.Release|Any CPU.Build.0 = Release|Any CPU
		{18C9EAA4-7B53-4071-80EA-C398702BDBD1}.Debug|Any CPU.ActiveCfg = Debug|Any CPU
		{18C9EAA4-7B53-4071-80EA-C398702BDBD1}.Debug|Any CPU.Build.0 = Debug|Any CPU
		{18C9EAA4-7B53-4071-80EA-C398702BDBD1}.Release|Any CPU.ActiveCfg = Release|Any CPU
		{18C9EAA4-7B53-4071-80EA-C398702BDBD1}.Release|Any CPU.Build.0 = Release|Any CPU
		{495FD35C-C361-46F4-9474-8A2529EF9323}.Debug|Any CPU.ActiveCfg = Debug|Any CPU
		{495FD35C-C361-46F4-9474-8A2529EF9323}.Debug|Any CPU.Build.0 = Debug|Any CPU
		{495FD35C-C361-46F4-9474-8A2529EF9323}.Release|Any CPU.ActiveCfg = Release|Any CPU
		{495FD35C-C361-46F4-9474-8A2529EF9323}.Release|Any CPU.Build.0 = Release|Any CPU
		{DC910328-2894-43E8-BB54-67D3A02244E7}.Debug|Any CPU.ActiveCfg = Debug|Any CPU
		{DC910328-2894-43E8-BB54-67D3A02244E7}.Debug|Any CPU.Build.0 = Debug|Any CPU
		{DC910328-2894-43E8-BB54-67D3A02244E7}.Release|Any CPU.ActiveCfg = Release|Any CPU
		{DC910328-2894-43E8-BB54-67D3A02244E7}.Release|Any CPU.Build.0 = Release|Any CPU
		{BAD706F2-F47F-441D-AAD9-7DE22B97B164}.Debug|Any CPU.ActiveCfg = Debug|Any CPU
		{BAD706F2-F47F-441D-AAD9-7DE22B97B164}.Debug|Any CPU.Build.0 = Debug|Any CPU
		{BAD706F2-F47F-441D-AAD9-7DE22B97B164}.Release|Any CPU.ActiveCfg = Release|Any CPU
		{BAD706F2-F47F-441D-AAD9-7DE22B97B164}.Release|Any CPU.Build.0 = Release|Any CPU
		{032636E8-03AF-47C7-8BCF-9B7B6ECCB5D9}.Debug|Any CPU.ActiveCfg = Debug|Any CPU
		{032636E8-03AF-47C7-8BCF-9B7B6ECCB5D9}.Debug|Any CPU.Build.0 = Debug|Any CPU
		{032636E8-03AF-47C7-8BCF-9B7B6ECCB5D9}.Release|Any CPU.ActiveCfg = Release|Any CPU
		{032636E8-03AF-47C7-8BCF-9B7B6ECCB5D9}.Release|Any CPU.Build.0 = Release|Any CPU
		{2F059617-7D1B-4FEC-8500-9960EE5C4DBE}.Debug|Any CPU.ActiveCfg = Debug|Any CPU
		{2F059617-7D1B-4FEC-8500-9960EE5C4DBE}.Debug|Any CPU.Build.0 = Debug|Any CPU
		{2F059617-7D1B-4FEC-8500-9960EE5C4DBE}.Release|Any CPU.ActiveCfg = Release|Any CPU
		{2F059617-7D1B-4FEC-8500-9960EE5C4DBE}.Release|Any CPU.Build.0 = Release|Any CPU
	EndGlobalSection
	GlobalSection(SolutionProperties) = preSolution
		HideSolutionNode = FALSE
	EndGlobalSection
	GlobalSection(ExtensibilityGlobals) = postSolution
		SolutionGuid = {8DE64A7C-A4D7-4D0E-9B6B-B46081337F5F}
	EndGlobalSection
EndGlobal
